PODS:
  - DRPLoadingSpinner (1.3.1):
    - DRPLoadingSpinner/core (= 1.3.1)
  - DRPLoadingSpinner/core (1.3.1)
  - FSPagerView (0.7.1)

DEPENDENCIES:
  - DRPLoadingSpinner (~> 1.3)
  - FSPagerView

SPEC CHECKSUMS:
  DRPLoadingSpinner: 725e530bf4ebe2cc351b1fbc94d24fe8ac3300fd
  FSPagerView: 958aba39684e1573755ddcfcc29f7eebb8413cee

PODFILE CHECKSUM: 2b323c2c9e56ac2249c59fd48050a9deb1cb0c48

COCOAPODS: 1.3.1
